
Microsoft Visual Studio Solution File, Format Version 12.00
# Visual Studio Version 16
VisualStudioVersion = 16.0.32602.291
MinimumVisualStudioVersion = 10.0.40219.1
Project("{FAE04EC0-301F-11D3-BF4B-00C04F79EFBC}") = "pipeline", "pipeline\pipeline.csproj", "{B2B14465-459B-446A-A9C5-19C82859959D}"
EndProject
Global
	GlobalSection(SolutionConfigurationPlatforms) = preSolution
		Debug|Any CPU = Debug|Any CPU
		Release|Any CPU = Release|Any CPU
	EndGlobalSection
	GlobalSection(ProjectConfigurationPlatforms) = postSolution
		{B2B14465-459B-446A-A9C5-19C82859959D}.Debug|Any CPU.ActiveCfg = Debug|Any CPU
		{B2B14465-459B-446A-A9C5-19C82859959D}.Debug|Any CPU.Build.0 = Debug|Any CPU
		{B2B14465-459B-446A-A9C5-19C82859959D}.Release|Any CPU.ActiveCfg = Release|Any CPU
		{B2B14465-459B-446A-A9C5-19C82859959D}.Release|Any CPU.Build.0 = Release|Any CPU
	EndGlobalSection
	GlobalSection(SolutionProperties) = preSolution
		HideSolutionNode = FALSE
	EndGlobalSection
	GlobalSection(ExtensibilityGlobals) = postSolution
		SolutionGuid = {BDC984E2-8C25-49B4-8313-9BB3BFE4981F}
	EndGlobalSection
EndGlobal
